// !$*UTF8*$!
{
	archiveVersion = 1;
	classes = {
	};
	objectVersion = 56;
	objects = {

/* Begin PBXBuildFile section */
		DE88059B2BF3595E00283B48 /* AppDelegate.swift in Sources */ = {isa = PBXBuildFile; fileRef = DE88059A2BF3595E00283B48 /* AppDelegate.swift */; };
		DE88059D2BF3595E00283B48 /* SceneDelegate.swift in Sources */ = {isa = PBXBuildFile; fileRef = DE88059C2BF3595E00283B48 /* SceneDelegate.swift */; };
		DE88059F2BF3595E00283B48 /* ViewController.swift in Sources */ = {isa = PBXBuildFile; fileRef = DE88059E2BF3595E00283B48 /* ViewController.swift */; };
		DE8805A42BF3595F00283B48 /* Assets.xcassets in Resources */ = {isa = PBXBuildFile; fileRef = DE8805A32BF3595F00283B48 /* Assets.xcassets */; };
		DE8805A72BF3595F00283B48 /* Base in Resources */ = {isa = PBXBuildFile; fileRef = DE8805A62BF3595F00283B48 /* Base */; };
		DE8805B42BF360A500283B48 /* UIFont+.swift in Sources */ = {isa = PBXBuildFile; fileRef = DE8805B32BF360A500283B48 /* UIFont+.swift */; };
		DE8805B72BF360E800283B48 /* NSAttributedString+.swift in Sources */ = {isa = PBXBuildFile; fileRef = DE8805B62BF360E800283B48 /* NSAttributedString+.swift */; };
		DE8805BA2BF3611600283B48 /* UILabel+.swift in Sources */ = {isa = PBXBuildFile; fileRef = DE8805B92BF3611600283B48 /* UILabel+.swift */; };
		DE8805BC2BF3612700283B48 /* UIButton+.swift in Sources */ = {isa = PBXBuildFile; fileRef = DE8805BB2BF3612700283B48 /* UIButton+.swift */; };
		DE8805BE2BF3619300283B48 /* UITextField+.swift in Sources */ = {isa = PBXBuildFile; fileRef = DE8805BD2BF3619300283B48 /* UITextField+.swift */; };
		DE8805C02BF362A700283B48 /* UIView+.swift in Sources */ = {isa = PBXBuildFile; fileRef = DE8805BF2BF362A700283B48 /* UIView+.swift */; };
		DE8805C22BF362DA00283B48 /* UIStackView+.swift in Sources */ = {isa = PBXBuildFile; fileRef = DE8805C12BF362DA00283B48 /* UIStackView+.swift */; };
		DE8805C42BF3644C00283B48 /* PlanFitColor.xcassets in Resources */ = {isa = PBXBuildFile; fileRef = DE8805C32BF3644C00283B48 /* PlanFitColor.xcassets */; };
		DE8805C72BF366F300283B48 /* ReuseIdentifiable.swift in Sources */ = {isa = PBXBuildFile; fileRef = DE8805C62BF366F300283B48 /* ReuseIdentifiable.swift */; };
		DE8805C92BF3670D00283B48 /* Screen.swift in Sources */ = {isa = PBXBuildFile; fileRef = DE8805C82BF3670D00283B48 /* Screen.swift */; };
		DE8805CB2BF3676000283B48 /* Then.swift in Sources */ = {isa = PBXBuildFile; fileRef = DE8805CA2BF3676000283B48 /* Then.swift */; };
		DE8805CE2BF368FC00283B48 /* SnapKit in Frameworks */ = {isa = PBXBuildFile; productRef = DE8805CD2BF368FC00283B48 /* SnapKit */; };
		DE8805D02BF368FC00283B48 /* SnapKit-Dynamic in Frameworks */ = {isa = PBXBuildFile; productRef = DE8805CF2BF368FC00283B48 /* SnapKit-Dynamic */; };
		DE8805D32BF3691400283B48 /* CombineMoya in Frameworks */ = {isa = PBXBuildFile; productRef = DE8805D22BF3691400283B48 /* CombineMoya */; };
		DE8805D52BF3691400283B48 /* Moya in Frameworks */ = {isa = PBXBuildFile; productRef = DE8805D42BF3691400283B48 /* Moya */; };
		DE8805D72BF3691400283B48 /* ReactiveMoya in Frameworks */ = {isa = PBXBuildFile; productRef = DE8805D62BF3691400283B48 /* ReactiveMoya */; };
		DE8805D92BF3691400283B48 /* RxMoya in Frameworks */ = {isa = PBXBuildFile; productRef = DE8805D82BF3691400283B48 /* RxMoya */; };
		DE8805E02BF36B2E00283B48 /* HomeViewController.swift in Sources */ = {isa = PBXBuildFile; fileRef = DE8805DF2BF36B2E00283B48 /* HomeViewController.swift */; };
		DE8805E52BF36B5500283B48 /* HomeView.swift in Sources */ = {isa = PBXBuildFile; fileRef = DE8805E42BF36B5500283B48 /* HomeView.swift */; };
		DE8805E82BF36B7800283B48 /* WorkoutListViewController.swift in Sources */ = {isa = PBXBuildFile; fileRef = DE8805E72BF36B7800283B48 /* WorkoutListViewController.swift */; };
		DE8805EB2BF36B8900283B48 /* WorkoutListView.swift in Sources */ = {isa = PBXBuildFile; fileRef = DE8805EA2BF36B8900283B48 /* WorkoutListView.swift */; };
		DE8805EF2BF36B9D00283B48 /* WarmUpViewController.swift in Sources */ = {isa = PBXBuildFile; fileRef = DE8805EE2BF36B9D00283B48 /* WarmUpViewController.swift */; };
		DE8805F12BF36BA400283B48 /* WarmUpView.swift in Sources */ = {isa = PBXBuildFile; fileRef = DE8805F02BF36BA400283B48 /* WarmUpView.swift */; };
		DE8805F52BF36BBF00283B48 /* WorkoutViewController.swift in Sources */ = {isa = PBXBuildFile; fileRef = DE8805F42BF36BBF00283B48 /* WorkoutViewController.swift */; };
		DE8805F72BF36BC800283B48 /* WorkoutView.swift in Sources */ = {isa = PBXBuildFile; fileRef = DE8805F62BF36BC800283B48 /* WorkoutView.swift */; };
/* End PBXBuildFile section */

/* Begin PBXFileReference section */
		DE8805972BF3595E00283B48 /* PlanFit.app */ = {isa = PBXFileReference; explicitFileType = wrapper.application; includeInIndex = 0; path = PlanFit.app; sourceTree = BUILT_PRODUCTS_DIR; };
		DE88059A2BF3595E00283B48 /* AppDelegate.swift */ = {isa = PBXFileReference; lastKnownFileType = sourcecode.swift; path = AppDelegate.swift; sourceTree = "<group>"; };
		DE88059C2BF3595E00283B48 /* SceneDelegate.swift */ = {isa = PBXFileReference; lastKnownFileType = sourcecode.swift; path = SceneDelegate.swift; sourceTree = "<group>"; };
		DE88059E2BF3595E00283B48 /* ViewController.swift */ = {isa = PBXFileReference; lastKnownFileType = sourcecode.swift; path = ViewController.swift; sourceTree = "<group>"; };
		DE8805A32BF3595F00283B48 /* Assets.xcassets */ = {isa = PBXFileReference; lastKnownFileType = folder.assetcatalog; path = Assets.xcassets; sourceTree = "<group>"; };
		DE8805A62BF3595F00283B48 /* Base */ = {isa = PBXFileReference; lastKnownFileType = file.storyboard; name = Base; path = Base.lproj/LaunchScreen.storyboard; sourceTree = "<group>"; };
		DE8805A82BF3595F00283B48 /* Info.plist */ = {isa = PBXFileReference; lastKnownFileType = text.plist.xml; path = Info.plist; sourceTree = "<group>"; };
		DE8805B32BF360A500283B48 /* UIFont+.swift */ = {isa = PBXFileReference; lastKnownFileType = sourcecode.swift; path = "UIFont+.swift"; sourceTree = "<group>"; };
		DE8805B62BF360E800283B48 /* NSAttributedString+.swift */ = {isa = PBXFileReference; lastKnownFileType = sourcecode.swift; path = "NSAttributedString+.swift"; sourceTree = "<group>"; };
		DE8805B92BF3611600283B48 /* UILabel+.swift */ = {isa = PBXFileReference; lastKnownFileType = sourcecode.swift; path = "UILabel+.swift"; sourceTree = "<group>"; };
		DE8805BB2BF3612700283B48 /* UIButton+.swift */ = {isa = PBXFileReference; lastKnownFileType = sourcecode.swift; path = "UIButton+.swift"; sourceTree = "<group>"; };
		DE8805BD2BF3619300283B48 /* UITextField+.swift */ = {isa = PBXFileReference; lastKnownFileType = sourcecode.swift; path = "UITextField+.swift"; sourceTree = "<group>"; };
		DE8805BF2BF362A700283B48 /* UIView+.swift */ = {isa = PBXFileReference; lastKnownFileType = sourcecode.swift; path = "UIView+.swift"; sourceTree = "<group>"; };
		DE8805C12BF362DA00283B48 /* UIStackView+.swift */ = {isa = PBXFileReference; lastKnownFileType = sourcecode.swift; path = "UIStackView+.swift"; sourceTree = "<group>"; };
		DE8805C32BF3644C00283B48 /* PlanFitColor.xcassets */ = {isa = PBXFileReference; lastKnownFileType = folder.assetcatalog; path = PlanFitColor.xcassets; sourceTree = "<group>"; };
		DE8805C62BF366F300283B48 /* ReuseIdentifiable.swift */ = {isa = PBXFileReference; lastKnownFileType = sourcecode.swift; path = ReuseIdentifiable.swift; sourceTree = "<group>"; };
		DE8805C82BF3670D00283B48 /* Screen.swift */ = {isa = PBXFileReference; lastKnownFileType = sourcecode.swift; path = Screen.swift; sourceTree = "<group>"; };
		DE8805CA2BF3676000283B48 /* Then.swift */ = {isa = PBXFileReference; lastKnownFileType = sourcecode.swift; path = Then.swift; sourceTree = "<group>"; };
		DE8805DF2BF36B2E00283B48 /* HomeViewController.swift */ = {isa = PBXFileReference; lastKnownFileType = sourcecode.swift; path = HomeViewController.swift; sourceTree = "<group>"; };
		DE8805E42BF36B5500283B48 /* HomeView.swift */ = {isa = PBXFileReference; lastKnownFileType = sourcecode.swift; path = HomeView.swift; sourceTree = "<group>"; };
		DE8805E72BF36B7800283B48 /* WorkoutListViewController.swift */ = {isa = PBXFileReference; lastKnownFileType = sourcecode.swift; path = WorkoutListViewController.swift; sourceTree = "<group>"; };
		DE8805EA2BF36B8900283B48 /* WorkoutListView.swift */ = {isa = PBXFileReference; lastKnownFileType = sourcecode.swift; path = WorkoutListView.swift; sourceTree = "<group>"; };
		DE8805EE2BF36B9D00283B48 /* WarmUpViewController.swift */ = {isa = PBXFileReference; lastKnownFileType = sourcecode.swift; path = WarmUpViewController.swift; sourceTree = "<group>"; };
		DE8805F02BF36BA400283B48 /* WarmUpView.swift */ = {isa = PBXFileReference; lastKnownFileType = sourcecode.swift; path = WarmUpView.swift; sourceTree = "<group>"; };
		DE8805F42BF36BBF00283B48 /* WorkoutViewController.swift */ = {isa = PBXFileReference; lastKnownFileType = sourcecode.swift; path = WorkoutViewController.swift; sourceTree = "<group>"; };
		DE8805F62BF36BC800283B48 /* WorkoutView.swift */ = {isa = PBXFileReference; lastKnownFileType = sourcecode.swift; path = WorkoutView.swift; sourceTree = "<group>"; };
/* End PBXFileReference section */

/* Begin PBXFrameworksBuildPhase section */
		DE8805942BF3595E00283B48 /* Frameworks */ = {
			isa = PBXFrameworksBuildPhase;
			buildActionMask = 2147483647;
			files = (
				DE8805D92BF3691400283B48 /* RxMoya in Frameworks */,
				DE8805CE2BF368FC00283B48 /* SnapKit in Frameworks */,
				DE8805D02BF368FC00283B48 /* SnapKit-Dynamic in Frameworks */,
				DE8805D52BF3691400283B48 /* Moya in Frameworks */,
				DE8805D72BF3691400283B48 /* ReactiveMoya in Frameworks */,
				DE8805D32BF3691400283B48 /* CombineMoya in Frameworks */,
			);
			runOnlyForDeploymentPostprocessing = 0;
		};
/* End PBXFrameworksBuildPhase section */

/* Begin PBXGroup section */
		DE88058E2BF3595E00283B48 = {
			isa = PBXGroup;
			children = (
				DE8805992BF3595E00283B48 /* PlanFit */,
				DE8805982BF3595E00283B48 /* Products */,
			);
			sourceTree = "<group>";
		};
		DE8805982BF3595E00283B48 /* Products */ = {
			isa = PBXGroup;
			children = (
				DE8805972BF3595E00283B48 /* PlanFit.app */,
			);
			name = Products;
			sourceTree = "<group>";
		};
		DE8805992BF3595E00283B48 /* PlanFit */ = {
			isa = PBXGroup;
			children = (
				DE8805AE2BF3597800283B48 /* App */,
				DE8805B12BF3599F00283B48 /* Presentation */,
				DE8805B02BF3599600283B48 /* Common */,
				DE8805AF2BF3597E00283B48 /* Resource */,
				DE88059E2BF3595E00283B48 /* ViewController.swift */,
			);
			path = PlanFit;
			sourceTree = "<group>";
		};
		DE8805AE2BF3597800283B48 /* App */ = {
			isa = PBXGroup;
			children = (
				DE88059A2BF3595E00283B48 /* AppDelegate.swift */,
				DE88059C2BF3595E00283B48 /* SceneDelegate.swift */,
			);
			path = App;
			sourceTree = "<group>";
		};
		DE8805AF2BF3597E00283B48 /* Resource */ = {
			isa = PBXGroup;
			children = (
				DE8805A32BF3595F00283B48 /* Assets.xcassets */,
				DE8805C32BF3644C00283B48 /* PlanFitColor.xcassets */,
				DE8805A52BF3595F00283B48 /* LaunchScreen.storyboard */,
				DE8805A82BF3595F00283B48 /* Info.plist */,
			);
			path = Resource;
			sourceTree = "<group>";
		};
		DE8805B02BF3599600283B48 /* Common */ = {
			isa = PBXGroup;
			children = (
				DE8805B22BF3609A00283B48 /* Extension */,
				DE8805C52BF366E000283B48 /* Utils */,
			);
			path = Common;
			sourceTree = "<group>";
		};
		DE8805B12BF3599F00283B48 /* Presentation */ = {
			isa = PBXGroup;
			children = (
				DE8805DB2BF36AD200283B48 /* Home */,
				DE8805DC2BF36ADA00283B48 /* WorkoutList */,
				DE8805DD2BF36AED00283B48 /* WarmUp */,
				DE8805DE2BF36AF500283B48 /* Workout */,
			);
			path = Presentation;
			sourceTree = "<group>";
		};
		DE8805B22BF3609A00283B48 /* Extension */ = {
			isa = PBXGroup;
			children = (
				DE8805B32BF360A500283B48 /* UIFont+.swift */,
				DE8805B62BF360E800283B48 /* NSAttributedString+.swift */,
				DE8805B92BF3611600283B48 /* UILabel+.swift */,
				DE8805BB2BF3612700283B48 /* UIButton+.swift */,
				DE8805BD2BF3619300283B48 /* UITextField+.swift */,
				DE8805BF2BF362A700283B48 /* UIView+.swift */,
				DE8805C12BF362DA00283B48 /* UIStackView+.swift */,
			);
			path = Extension;
			sourceTree = "<group>";
		};
		DE8805C52BF366E000283B48 /* Utils */ = {
			isa = PBXGroup;
			children = (
				DE8805C62BF366F300283B48 /* ReuseIdentifiable.swift */,
				DE8805C82BF3670D00283B48 /* Screen.swift */,
				DE8805CA2BF3676000283B48 /* Then.swift */,
			);
			path = Utils;
			sourceTree = "<group>";
		};
		DE8805DB2BF36AD200283B48 /* Home */ = {
			isa = PBXGroup;
			children = (
				DE8805E22BF36B4400283B48 /* View */,
				DE8805E12BF36B3E00283B48 /* Controller */,
			);
			path = Home;
			sourceTree = "<group>";
		};
		DE8805DC2BF36ADA00283B48 /* WorkoutList */ = {
			isa = PBXGroup;
			children = (
				DE8805E92BF36B8000283B48 /* View */,
				DE8805E62BF36B6800283B48 /* Controller */,
			);
			path = WorkoutList;
			sourceTree = "<group>";
		};
		DE8805DD2BF36AED00283B48 /* WarmUp */ = {
			isa = PBXGroup;
			children = (
				DE8805ED2BF36B9300283B48 /* View */,
				DE8805EC2BF36B8E00283B48 /* Controller */,
			);
			path = WarmUp;
			sourceTree = "<group>";
		};
		DE8805DE2BF36AF500283B48 /* Workout */ = {
			isa = PBXGroup;
			children = (
				DE8805F32BF36BB700283B48 /* View */,
				DE8805F22BF36BB100283B48 /* Controller */,
			);
			path = Workout;
			sourceTree = "<group>";
		};
		DE8805E12BF36B3E00283B48 /* Controller */ = {
			isa = PBXGroup;
			children = (
				DE8805DF2BF36B2E00283B48 /* HomeViewController.swift */,
			);
			path = Controller;
			sourceTree = "<group>";
		};
		DE8805E22BF36B4400283B48 /* View */ = {
			isa = PBXGroup;
			children = (
				DE8805E42BF36B5500283B48 /* HomeView.swift */,
			);
			path = View;
			sourceTree = "<group>";
		};
		DE8805E62BF36B6800283B48 /* Controller */ = {
			isa = PBXGroup;
			children = (
				DE8805E72BF36B7800283B48 /* WorkoutListViewController.swift */,
			);
			path = Controller;
			sourceTree = "<group>";
		};
		DE8805E92BF36B8000283B48 /* View */ = {
			isa = PBXGroup;
			children = (
				DE8805EA2BF36B8900283B48 /* WorkoutListView.swift */,
			);
			path = View;
			sourceTree = "<group>";
		};
		DE8805EC2BF36B8E00283B48 /* Controller */ = {
			isa = PBXGroup;
			children = (
				DE8805EE2BF36B9D00283B48 /* WarmUpViewController.swift */,
			);
			path = Controller;
			sourceTree = "<group>";
		};
		DE8805ED2BF36B9300283B48 /* View */ = {
			isa = PBXGroup;
			children = (
				DE8805F02BF36BA400283B48 /* WarmUpView.swift */,
			);
			path = View;
			sourceTree = "<group>";
		};
		DE8805F22BF36BB100283B48 /* Controller */ = {
			isa = PBXGroup;
			children = (
				DE8805F42BF36BBF00283B48 /* WorkoutViewController.swift */,
			);
			path = Controller;
			sourceTree = "<group>";
		};
		DE8805F32BF36BB700283B48 /* View */ = {
			isa = PBXGroup;
			children = (
				DE8805F62BF36BC800283B48 /* WorkoutView.swift */,
			);
			path = View;
			sourceTree = "<group>";
		};
/* End PBXGroup section */

/* Begin PBXNativeTarget section */
		DE8805962BF3595E00283B48 /* PlanFit */ = {
			isa = PBXNativeTarget;
			buildConfigurationList = DE8805AB2BF3595F00283B48 /* Build configuration list for PBXNativeTarget "PlanFit" */;
			buildPhases = (
				DE8805932BF3595E00283B48 /* Sources */,
				DE8805942BF3595E00283B48 /* Frameworks */,
				DE8805952BF3595E00283B48 /* Resources */,
			);
			buildRules = (
			);
			dependencies = (
			);
			name = PlanFit;
			packageProductDependencies = (
				DE8805CD2BF368FC00283B48 /* SnapKit */,
				DE8805CF2BF368FC00283B48 /* SnapKit-Dynamic */,
				DE8805D22BF3691400283B48 /* CombineMoya */,
				DE8805D42BF3691400283B48 /* Moya */,
				DE8805D62BF3691400283B48 /* ReactiveMoya */,
				DE8805D82BF3691400283B48 /* RxMoya */,
			);
			productName = PlanFit;
			productReference = DE8805972BF3595E00283B48 /* PlanFit.app */;
			productType = "com.apple.product-type.application";
		};
/* End PBXNativeTarget section */

/* Begin PBXProject section */
		DE88058F2BF3595E00283B48 /* Project object */ = {
			isa = PBXProject;
			attributes = {
				BuildIndependentTargetsInParallel = 1;
				LastSwiftUpdateCheck = 1530;
				LastUpgradeCheck = 1530;
				TargetAttributes = {
					DE8805962BF3595E00283B48 = {
						CreatedOnToolsVersion = 15.3;
					};
				};
			};
			buildConfigurationList = DE8805922BF3595E00283B48 /* Build configuration list for PBXProject "PlanFit" */;
			compatibilityVersion = "Xcode 14.0";
			developmentRegion = en;
			hasScannedForEncodings = 0;
			knownRegions = (
				en,
				Base,
			);
			mainGroup = DE88058E2BF3595E00283B48;
			packageReferences = (
				DE8805CC2BF368FC00283B48 /* XCRemoteSwiftPackageReference "SnapKit" */,
				DE8805D12BF3691400283B48 /* XCRemoteSwiftPackageReference "Moya" */,
			);
			productRefGroup = DE8805982BF3595E00283B48 /* Products */;
			projectDirPath = "";
			projectRoot = "";
			targets = (
				DE8805962BF3595E00283B48 /* PlanFit */,
			);
		};
/* End PBXProject section */

/* Begin PBXResourcesBuildPhase section */
		DE8805952BF3595E00283B48 /* Resources */ = {
			isa = PBXResourcesBuildPhase;
			buildActionMask = 2147483647;
			files = (
				DE8805C42BF3644C00283B48 /* PlanFitColor.xcassets in Resources */,
				DE8805A42BF3595F00283B48 /* Assets.xcassets in Resources */,
				DE8805A72BF3595F00283B48 /* Base in Resources */,
			);
			runOnlyForDeploymentPostprocessing = 0;
		};
/* End PBXResourcesBuildPhase section */

/* Begin PBXSourcesBuildPhase section */
		DE8805932BF3595E00283B48 /* Sources */ = {
			isa = PBXSourcesBuildPhase;
			buildActionMask = 2147483647;
			files = (
				DE8805EB2BF36B8900283B48 /* WorkoutListView.swift in Sources */,
				DE8805E82BF36B7800283B48 /* WorkoutListViewController.swift in Sources */,
				DE8805BA2BF3611600283B48 /* UILabel+.swift in Sources */,
				DE8805C72BF366F300283B48 /* ReuseIdentifiable.swift in Sources */,
				DE8805BC2BF3612700283B48 /* UIButton+.swift in Sources */,
				DE8805E52BF36B5500283B48 /* HomeView.swift in Sources */,
				DE8805B72BF360E800283B48 /* NSAttributedString+.swift in Sources */,
				DE8805F72BF36BC800283B48 /* WorkoutView.swift in Sources */,
				DE8805B42BF360A500283B48 /* UIFont+.swift in Sources */,
				DE8805F12BF36BA400283B48 /* WarmUpView.swift in Sources */,
				DE8805EF2BF36B9D00283B48 /* WarmUpViewController.swift in Sources */,
				DE8805E02BF36B2E00283B48 /* HomeViewController.swift in Sources */,
				DE88059F2BF3595E00283B48 /* ViewController.swift in Sources */,
				DE8805F52BF36BBF00283B48 /* WorkoutViewController.swift in Sources */,
				DE8805C22BF362DA00283B48 /* UIStackView+.swift in Sources */,
				DE8805CB2BF3676000283B48 /* Then.swift in Sources */,
				DE88059B2BF3595E00283B48 /* AppDelegate.swift in Sources */,
				DE8805C02BF362A700283B48 /* UIView+.swift in Sources */,
				DE88059D2BF3595E00283B48 /* SceneDelegate.swift in Sources */,
				DE8805BE2BF3619300283B48 /* UITextField+.swift in Sources */,
				DE8805C92BF3670D00283B48 /* Screen.swift in Sources */,
			);
			runOnlyForDeploymentPostprocessing = 0;
		};
/* End PBXSourcesBuildPhase section */

/* Begin PBXVariantGroup section */
		DE8805A52BF3595F00283B48 /* LaunchScreen.storyboard */ = {
			isa = PBXVariantGroup;
			children = (
				DE8805A62BF3595F00283B48 /* Base */,
			);
			name = LaunchScreen.storyboard;
			sourceTree = "<group>";
		};
/* End PBXVariantGroup section */

/* Begin XCBuildConfiguration section */
		DE8805A92BF3595F00283B48 /* Debug */ = {
			isa = XCBuildConfiguration;
			buildSettings = {
				ALWAYS_SEARCH_USER_PATHS = NO;
				ASSETCATALOG_COMPILER_GENERATE_SWIFT_ASSET_SYMBOL_EXTENSIONS = YES;
				CLANG_ANALYZER_NONNULL = YES;
				CLANG_ANALYZER_NUMBER_OBJECT_CONVERSION = YES_AGGRESSIVE;
				CLANG_CXX_LANGUAGE_STANDARD = "gnu++20";
				CLANG_ENABLE_MODULES = YES;
				CLANG_ENABLE_OBJC_ARC = YES;
				CLANG_ENABLE_OBJC_WEAK = YES;
				CLANG_WARN_BLOCK_CAPTURE_AUTORELEASING = YES;
				CLANG_WARN_BOOL_CONVERSION = YES;
				CLANG_WARN_COMMA = YES;
				CLANG_WARN_CONSTANT_CONVERSION = YES;
				CLANG_WARN_DEPRECATED_OBJC_IMPLEMENTATIONS = YES;
				CLANG_WARN_DIRECT_OBJC_ISA_USAGE = YES_ERROR;
				CLANG_WARN_DOCUMENTATION_COMMENTS = YES;
				CLANG_WARN_EMPTY_BODY = YES;
				CLANG_WARN_ENUM_CONVERSION = YES;
				CLANG_WARN_INFINITE_RECURSION = YES;
				CLANG_WARN_INT_CONVERSION = YES;
				CLANG_WARN_NON_LITERAL_NULL_CONVERSION = YES;
				CLANG_WARN_OBJC_IMPLICIT_RETAIN_SELF = YES;
				CLANG_WARN_OBJC_LITERAL_CONVERSION = YES;
				CLANG_WARN_OBJC_ROOT_CLASS = YES_ERROR;
				CLANG_WARN_QUOTED_INCLUDE_IN_FRAMEWORK_HEADER = YES;
				CLANG_WARN_RANGE_LOOP_ANALYSIS = YES;
				CLANG_WARN_STRICT_PROTOTYPES = YES;
				CLANG_WARN_SUSPICIOUS_MOVE = YES;
				CLANG_WARN_UNGUARDED_AVAILABILITY = YES_AGGRESSIVE;
				CLANG_WARN_UNREACHABLE_CODE = YES;
				CLANG_WARN__DUPLICATE_METHOD_MATCH = YES;
				COPY_PHASE_STRIP = NO;
				DEBUG_INFORMATION_FORMAT = dwarf;
				ENABLE_STRICT_OBJC_MSGSEND = YES;
				ENABLE_TESTABILITY = YES;
				ENABLE_USER_SCRIPT_SANDBOXING = YES;
				GCC_C_LANGUAGE_STANDARD = gnu17;
				GCC_DYNAMIC_NO_PIC = NO;
				GCC_NO_COMMON_BLOCKS = YES;
				GCC_OPTIMIZATION_LEVEL = 0;
				GCC_PREPROCESSOR_DEFINITIONS = (
					"DEBUG=1",
					"$(inherited)",
				);
				GCC_WARN_64_TO_32_BIT_CONVERSION = YES;
				GCC_WARN_ABOUT_RETURN_TYPE = YES_ERROR;
				GCC_WARN_UNDECLARED_SELECTOR = YES;
				GCC_WARN_UNINITIALIZED_AUTOS = YES_AGGRESSIVE;
				GCC_WARN_UNUSED_FUNCTION = YES;
				GCC_WARN_UNUSED_VARIABLE = YES;
				IPHONEOS_DEPLOYMENT_TARGET = 17.4;
				LOCALIZATION_PREFERS_STRING_CATALOGS = YES;
				MTL_ENABLE_DEBUG_INFO = INCLUDE_SOURCE;
				MTL_FAST_MATH = YES;
				ONLY_ACTIVE_ARCH = YES;
				SDKROOT = iphoneos;
				SWIFT_ACTIVE_COMPILATION_CONDITIONS = "DEBUG $(inherited)";
				SWIFT_OPTIMIZATION_LEVEL = "-Onone";
			};
			name = Debug;
		};
		DE8805AA2BF3595F00283B48 /* Release */ = {
			isa = XCBuildConfiguration;
			buildSettings = {
				ALWAYS_SEARCH_USER_PATHS = NO;
				ASSETCATALOG_COMPILER_GENERATE_SWIFT_ASSET_SYMBOL_EXTENSIONS = YES;
				CLANG_ANALYZER_NONNULL = YES;
				CLANG_ANALYZER_NUMBER_OBJECT_CONVERSION = YES_AGGRESSIVE;
				CLANG_CXX_LANGUAGE_STANDARD = "gnu++20";
				CLANG_ENABLE_MODULES = YES;
				CLANG_ENABLE_OBJC_ARC = YES;
				CLANG_ENABLE_OBJC_WEAK = YES;
				CLANG_WARN_BLOCK_CAPTURE_AUTORELEASING = YES;
				CLANG_WARN_BOOL_CONVERSION = YES;
				CLANG_WARN_COMMA = YES;
				CLANG_WARN_CONSTANT_CONVERSION = YES;
				CLANG_WARN_DEPRECATED_OBJC_IMPLEMENTATIONS = YES;
				CLANG_WARN_DIRECT_OBJC_ISA_USAGE = YES_ERROR;
				CLANG_WARN_DOCUMENTATION_COMMENTS = YES;
				CLANG_WARN_EMPTY_BODY = YES;
				CLANG_WARN_ENUM_CONVERSION = YES;
				CLANG_WARN_INFINITE_RECURSION = YES;
				CLANG_WARN_INT_CONVERSION = YES;
				CLANG_WARN_NON_LITERAL_NULL_CONVERSION = YES;
				CLANG_WARN_OBJC_IMPLICIT_RETAIN_SELF = YES;
				CLANG_WARN_OBJC_LITERAL_CONVERSION = YES;
				CLANG_WARN_OBJC_ROOT_CLASS = YES_ERROR;
				CLANG_WARN_QUOTED_INCLUDE_IN_FRAMEWORK_HEADER = YES;
				CLANG_WARN_RANGE_LOOP_ANALYSIS = YES;
				CLANG_WARN_STRICT_PROTOTYPES = YES;
				CLANG_WARN_SUSPICIOUS_MOVE = YES;
				CLANG_WARN_UNGUARDED_AVAILABILITY = YES_AGGRESSIVE;
				CLANG_WARN_UNREACHABLE_CODE = YES;
				CLANG_WARN__DUPLICATE_METHOD_MATCH = YES;
				COPY_PHASE_STRIP = NO;
				DEBUG_INFORMATION_FORMAT = "dwarf-with-dsym";
				ENABLE_NS_ASSERTIONS = NO;
				ENABLE_STRICT_OBJC_MSGSEND = YES;
				ENABLE_USER_SCRIPT_SANDBOXING = YES;
				GCC_C_LANGUAGE_STANDARD = gnu17;
				GCC_NO_COMMON_BLOCKS = YES;
				GCC_WARN_64_TO_32_BIT_CONVERSION = YES;
				GCC_WARN_ABOUT_RETURN_TYPE = YES_ERROR;
				GCC_WARN_UNDECLARED_SELECTOR = YES;
				GCC_WARN_UNINITIALIZED_AUTOS = YES_AGGRESSIVE;
				GCC_WARN_UNUSED_FUNCTION = YES;
				GCC_WARN_UNUSED_VARIABLE = YES;
				IPHONEOS_DEPLOYMENT_TARGET = 17.4;
				LOCALIZATION_PREFERS_STRING_CATALOGS = YES;
				MTL_ENABLE_DEBUG_INFO = NO;
				MTL_FAST_MATH = YES;
				SDKROOT = iphoneos;
				SWIFT_COMPILATION_MODE = wholemodule;
				VALIDATE_PRODUCT = YES;
			};
			name = Release;
		};
		DE8805AC2BF3595F00283B48 /* Debug */ = {
			isa = XCBuildConfiguration;
			buildSettings = {
				ASSETCATALOG_COMPILER_APPICON_NAME = AppIcon;
				ASSETCATALOG_COMPILER_GLOBAL_ACCENT_COLOR_NAME = AccentColor;
				CODE_SIGN_STYLE = Automatic;
				CURRENT_PROJECT_VERSION = 1;
				DEVELOPMENT_TEAM = 6LXF3U77V6;
				GENERATE_INFOPLIST_FILE = YES;
				INFOPLIST_FILE = PlanFit/Resource/Info.plist;
				INFOPLIST_KEY_UIApplicationSupportsIndirectInputEvents = YES;
				INFOPLIST_KEY_UILaunchStoryboardName = LaunchScreen;
				INFOPLIST_KEY_UISupportedInterfaceOrientations_iPad = "UIInterfaceOrientationPortrait UIInterfaceOrientationPortraitUpsideDown UIInterfaceOrientationLandscapeLeft UIInterfaceOrientationLandscapeRight";
				INFOPLIST_KEY_UISupportedInterfaceOrientations_iPhone = "UIInterfaceOrientationPortrait UIInterfaceOrientationLandscapeLeft UIInterfaceOrientationLandscapeRight";
				IPHONEOS_DEPLOYMENT_TARGET = 15.0;
				LD_RUNPATH_SEARCH_PATHS = (
					"$(inherited)",
					"@executable_path/Frameworks",
				);
				MARKETING_VERSION = 1.0;
				PRODUCT_BUNDLE_IDENTIFIER = com.JinUng41.PlanFit;
				PRODUCT_NAME = "$(TARGET_NAME)";
				SUPPORTED_PLATFORMS = "iphoneos iphonesimulator";
				SUPPORTS_MACCATALYST = NO;
				SUPPORTS_MAC_DESIGNED_FOR_IPHONE_IPAD = NO;
				SUPPORTS_XR_DESIGNED_FOR_IPHONE_IPAD = NO;
				SWIFT_EMIT_LOC_STRINGS = YES;
				SWIFT_VERSION = 5.0;
				TARGETED_DEVICE_FAMILY = 1;
			};
			name = Debug;
		};
		DE8805AD2BF3595F00283B48 /* Release */ = {
			isa = XCBuildConfiguration;
			buildSettings = {
				ASSETCATALOG_COMPILER_APPICON_NAME = AppIcon;
				ASSETCATALOG_COMPILER_GLOBAL_ACCENT_COLOR_NAME = AccentColor;
				CODE_SIGN_STYLE = Automatic;
				CURRENT_PROJECT_VERSION = 1;
				DEVELOPMENT_TEAM = 6LXF3U77V6;
				GENERATE_INFOPLIST_FILE = YES;
				INFOPLIST_FILE = PlanFit/Resource/Info.plist;
				INFOPLIST_KEY_UIApplicationSupportsIndirectInputEvents = YES;
				INFOPLIST_KEY_UILaunchStoryboardName = LaunchScreen;
				INFOPLIST_KEY_UISupportedInterfaceOrientations_iPad = "UIInterfaceOrientationPortrait UIInterfaceOrientationPortraitUpsideDown UIInterfaceOrientationLandscapeLeft UIInterfaceOrientationLandscapeRight";
				INFOPLIST_KEY_UISupportedInterfaceOrientations_iPhone = "UIInterfaceOrientationPortrait UIInterfaceOrientationLandscapeLeft UIInterfaceOrientationLandscapeRight";
				IPHONEOS_DEPLOYMENT_TARGET = 15.0;
				LD_RUNPATH_SEARCH_PATHS = (
					"$(inherited)",
					"@executable_path/Frameworks",
				);
				MARKETING_VERSION = 1.0;
				PRODUCT_BUNDLE_IDENTIFIER = com.JinUng41.PlanFit;
				PRODUCT_NAME = "$(TARGET_NAME)";
				SUPPORTED_PLATFORMS = "iphoneos iphonesimulator";
				SUPPORTS_MACCATALYST = NO;
				SUPPORTS_MAC_DESIGNED_FOR_IPHONE_IPAD = NO;
				SUPPORTS_XR_DESIGNED_FOR_IPHONE_IPAD = NO;
				SWIFT_EMIT_LOC_STRINGS = YES;
				SWIFT_VERSION = 5.0;
				TARGETED_DEVICE_FAMILY = 1;
			};
			name = Release;
		};
/* End XCBuildConfiguration section */

/* Begin XCConfigurationList section */
		DE8805922BF3595E00283B48 /* Build configuration list for PBXProject "PlanFit" */ = {
			isa = XCConfigurationList;
			buildConfigurations = (
				DE8805A92BF3595F00283B48 /* Debug */,
				DE8805AA2BF3595F00283B48 /* Release */,
			);
			defaultConfigurationIsVisible = 0;
			defaultConfigurationName = Release;
		};
		DE8805AB2BF3595F00283B48 /* Build configuration list for PBXNativeTarget "PlanFit" */ = {
			isa = XCConfigurationList;
			buildConfigurations = (
				DE8805AC2BF3595F00283B48 /* Debug */,
				DE8805AD2BF3595F00283B48 /* Release */,
			);
			defaultConfigurationIsVisible = 0;
			defaultConfigurationName = Release;
		};
/* End XCConfigurationList section */

/* Begin XCRemoteSwiftPackageReference section */
		DE8805CC2BF368FC00283B48 /* XCRemoteSwiftPackageReference "SnapKit" */ = {
			isa = XCRemoteSwiftPackageReference;
			repositoryURL = "https://github.com/SnapKit/SnapKit.git";
			requirement = {
				kind = upToNextMajorVersion;
				minimumVersion = 5.7.1;
			};
		};
		DE8805D12BF3691400283B48 /* XCRemoteSwiftPackageReference "Moya" */ = {
			isa = XCRemoteSwiftPackageReference;
			repositoryURL = "https://github.com/Moya/Moya";
			requirement = {
				kind = upToNextMajorVersion;
				minimumVersion = 15.0.3;
			};
		};
/* End XCRemoteSwiftPackageReference section */

/* Begin XCSwiftPackageProductDependency section */
		DE8805CD2BF368FC00283B48 /* SnapKit */ = {
			isa = XCSwiftPackageProductDependency;
			package = DE8805CC2BF368FC00283B48 /* XCRemoteSwiftPackageReference "SnapKit" */;
			productName = SnapKit;
		};
		DE8805CF2BF368FC00283B48 /* SnapKit-Dynamic */ = {
			isa = XCSwiftPackageProductDependency;
			package = DE8805CC2BF368FC00283B48 /* XCRemoteSwiftPackageReference "SnapKit" */;
			productName = "SnapKit-Dynamic";
		};
		DE8805D22BF3691400283B48 /* CombineMoya */ = {
			isa = XCSwiftPackageProductDependency;
			package = DE8805D12BF3691400283B48 /* XCRemoteSwiftPackageReference "Moya" */;
			productName = CombineMoya;
		};
		DE8805D42BF3691400283B48 /* Moya */ = {
			isa = XCSwiftPackageProductDependency;
			package = DE8805D12BF3691400283B48 /* XCRemoteSwiftPackageReference "Moya" */;
			productName = Moya;
		};
		DE8805D62BF3691400283B48 /* ReactiveMoya */ = {
			isa = XCSwiftPackageProductDependency;
			package = DE8805D12BF3691400283B48 /* XCRemoteSwiftPackageReference "Moya" */;
			productName = ReactiveMoya;
		};
		DE8805D82BF3691400283B48 /* RxMoya */ = {
			isa = XCSwiftPackageProductDependency;
			package = DE8805D12BF3691400283B48 /* XCRemoteSwiftPackageReference "Moya" */;
			productName = RxMoya;
		};
/* End XCSwiftPackageProductDependency section */
	};
	rootObject = DE88058F2BF3595E00283B48 /* Project object */;
}
